
Microsoft Visual Studio Solution File, Format Version 12.00
# Visual Studio Version 17
VisualStudioVersion = 17.4.33205.214
MinimumVisualStudioVersion = 10.0.40219.1
Project("{FAE04EC0-301F-11D3-BF4B-00C04F79EFBC}") = "MonogameFlightsim", "MonogameFlightsim\MonogameFlightsim.csproj", "{270E19A5-8DFF-495C-A9EE-973763FF0C29}"
EndProject
Global
	GlobalSection(SolutionConfigurationPlatforms) = preSolution
		Debug|Any CPU = Debug|Any CPU
		Release|Any CPU = Release|Any CPU
	EndGlobalSection
	GlobalSection(ProjectConfigurationPlatforms) = postSolution
		{270E19A5-8DFF-495C-A9EE-973763FF0C29}.Debug|Any CPU.ActiveCfg = Debug|Any CPU
		{270E19A5-8DFF-495C-A9EE-973763FF0C29}.Debug|Any CPU.Build.0 = Debug|Any CPU
		{270E19A5-8DFF-495C-A9EE-973763FF0C29}.Release|Any CPU.ActiveCfg = Release|Any CPU
		{270E19A5-8DFF-495C-A9EE-973763FF0C29}.Release|Any CPU.Build.0 = Release|Any CPU
	EndGlobalSection
	GlobalSection(SolutionProperties) = preSolution
		HideSolutionNode = FALSE
	EndGlobalSection
	GlobalSection(ExtensibilityGlobals) = postSolution
		SolutionGuid = {8D64AAF2-B7B0-443D-972F-29D3D951947B}
	EndGlobalSection
EndGlobal
